
Microsoft Visual Studio Solution File, Format Version 12.00
# Visual Studio Version 17
VisualStudioVersion = 17.3.32922.545
MinimumVisualStudioVersion = 10.0.40219.1
Project("{FAE04EC0-301F-11D3-BF4B-00C04F79EFBC}") = "calc0", "calc0\calc0.csproj", "{84DAD4EF-6EF6-48E1-8E4F-A90BCDDA864D}"
EndProject
Global
	GlobalSection(SolutionConfigurationPlatforms) = preSolution
		Debug|Any CPU = Debug|Any CPU
		Release|Any CPU = Release|Any CPU
	EndGlobalSection
	GlobalSection(ProjectConfigurationPlatforms) = postSolution
		{84DAD4EF-6EF6-48E1-8E4F-A90BCDDA864D}.Debug|Any CPU.ActiveCfg = Debug|Any CPU
		{84DAD4EF-6EF6-48E1-8E4F-A90BCDDA864D}.Debug|Any CPU.Build.0 = Debug|Any CPU
		{84DAD4EF-6EF6-48E1-8E4F-A90BCDDA864D}.Release|Any CPU.ActiveCfg = Release|Any CPU
		{84DAD4EF-6EF6-48E1-8E4F-A90BCDDA864D}.Release|Any CPU.Build.0 = Release|Any CPU
	EndGlobalSection
	GlobalSection(SolutionProperties) = preSolution
		HideSolutionNode = FALSE
	EndGlobalSection
	GlobalSection(ExtensibilityGlobals) = postSolution
		SolutionGuid = {21470022-8C97-47BB-841A-E1FD7706CA81}
	EndGlobalSection
EndGlobal
